
Microsoft Visual Studio Solution File, Format Version 12.00
# Visual Studio Version 16
VisualStudioVersion = 16.0.30503.244
MinimumVisualStudioVersion = 10.0.40219.1
Project("{8BC9CEB8-8B4A-11D0-8D11-00A0C91BC942}") = "INZERNAL", "INZERNAL\INZERNAL.vcxproj", "{4BDAF308-28D1-4924-A3F9-64C318877C45}"
EndProject
Project("{8BC9CEB8-8B4A-11D0-8D11-00A0C91BC942}") = "patcher", "patcher\patcher.vcxproj", "{6A9A7B74-141F-4C7B-A1D2-AB480BAEC730}"
EndProject
Project("{FAE04EC0-301F-11D3-BF4B-00C04F79EFBC}") = "injector", "injector\injector.csproj", "{525D5F31-6887-4068-9459-EF343D9C4793}"
EndProject
Global
	GlobalSection(SolutionConfigurationPlatforms) = preSolution
		Debug|Any CPU = Debug|Any CPU
		Debug|x64 = Debug|x64
		Debug|x86 = Debug|x86
		Release|Any CPU = Release|Any CPU
		Release|x64 = Release|x64
		Release|x86 = Release|x86
	EndGlobalSection
	GlobalSection(ProjectConfigurationPlatforms) = postSolution
		{4BDAF308-28D1-4924-A3F9-64C318877C45}.Debug|Any CPU.ActiveCfg = Debug|Win32
		{4BDAF308-28D1-4924-A3F9-64C318877C45}.Debug|x64.ActiveCfg = Debug|x64
		{4BDAF308-28D1-4924-A3F9-64C318877C45}.Debug|x64.Build.0 = Debug|x64
		{4BDAF308-28D1-4924-A3F9-64C318877C45}.Debug|x86.ActiveCfg = Debug|Win32
		{4BDAF308-28D1-4924-A3F9-64C318877C45}.Debug|x86.Build.0 = Debug|Win32
		{4BDAF308-28D1-4924-A3F9-64C318877C45}.Release|Any CPU.ActiveCfg = Release|Win32
		{4BDAF308-28D1-4924-A3F9-64C318877C45}.Release|x64.ActiveCfg = Release|x64
		{4BDAF308-28D1-4924-A3F9-64C318877C45}.Release|x64.Build.0 = Release|x64
		{4BDAF308-28D1-4924-A3F9-64C318877C45}.Release|x86.ActiveCfg = Release|Win32
		{4BDAF308-28D1-4924-A3F9-64C318877C45}.Release|x86.Build.0 = Release|Win32
		{6A9A7B74-141F-4C7B-A1D2-AB480BAEC730}.Debug|Any CPU.ActiveCfg = Debug|Win32
		{6A9A7B74-141F-4C7B-A1D2-AB480BAEC730}.Debug|x64.ActiveCfg = Debug|x64
		{6A9A7B74-141F-4C7B-A1D2-AB480BAEC730}.Debug|x64.Build.0 = Debug|x64
		{6A9A7B74-141F-4C7B-A1D2-AB480BAEC730}.Debug|x86.ActiveCfg = Debug|Win32
		{6A9A7B74-141F-4C7B-A1D2-AB480BAEC730}.Debug|x86.Build.0 = Debug|Win32
		{6A9A7B74-141F-4C7B-A1D2-AB480BAEC730}.Release|Any CPU.ActiveCfg = Release|Win32
		{6A9A7B74-141F-4C7B-A1D2-AB480BAEC730}.Release|x64.ActiveCfg = Release|x64
		{6A9A7B74-141F-4C7B-A1D2-AB480BAEC730}.Release|x64.Build.0 = Release|x64
		{6A9A7B74-141F-4C7B-A1D2-AB480BAEC730}.Release|x86.ActiveCfg = Release|Win32
		{6A9A7B74-141F-4C7B-A1D2-AB480BAEC730}.Release|x86.Build.0 = Release|Win32
		{525D5F31-6887-4068-9459-EF343D9C4793}.Debug|Any CPU.ActiveCfg = Debug|Any CPU
		{525D5F31-6887-4068-9459-EF343D9C4793}.Debug|Any CPU.Build.0 = Debug|Any CPU
		{525D5F31-6887-4068-9459-EF343D9C4793}.Debug|x64.ActiveCfg = Debug|Any CPU
		{525D5F31-6887-4068-9459-EF343D9C4793}.Debug|x64.Build.0 = Debug|Any CPU
		{525D5F31-6887-4068-9459-EF343D9C4793}.Debug|x86.ActiveCfg = Debug|Any CPU
		{525D5F31-6887-4068-9459-EF343D9C4793}.Debug|x86.Build.0 = Debug|Any CPU
		{525D5F31-6887-4068-9459-EF343D9C4793}.Release|Any CPU.ActiveCfg = Release|Any CPU
		{525D5F31-6887-4068-9459-EF343D9C4793}.Release|Any CPU.Build.0 = Release|Any CPU
		{525D5F31-6887-4068-9459-EF343D9C4793}.Release|x64.ActiveCfg = Release|Any CPU
		{525D5F31-6887-4068-9459-EF343D9C4793}.Release|x64.Build.0 = Release|Any CPU
		{525D5F31-6887-4068-9459-EF343D9C4793}.Release|x86.ActiveCfg = Release|Any CPU
		{525D5F31-6887-4068-9459-EF343D9C4793}.Release|x86.Build.0 = Release|Any CPU
	EndGlobalSection
	GlobalSection(SolutionProperties) = preSolution
		HideSolutionNode = FALSE
	EndGlobalSection
	GlobalSection(ExtensibilityGlobals) = postSolution
		SolutionGuid = {25CD0F53-F931-4966-A13D-87707DBF17FD}
	EndGlobalSection
EndGlobal
